
Microsoft Visual Studio Solution File, Format Version 12.00
# Visual Studio 15
VisualStudioVersion = 15.0.27428.2043
MinimumVisualStudioVersion = 10.0.40219.1
Project("{FAE04EC0-301F-11D3-BF4B-00C04F79EFBC}") = "BTMLColorLOSMod", "BTMLColorLOSMod\BTMLColorLOSMod.csproj", "{A8624264-5ADB-4034-82A5-7CC2C650D47C}"
EndProject
Global
	GlobalSection(SolutionConfigurationPlatforms) = preSolution
		Debug|Any CPU = Debug|Any CPU
		Release|Any CPU = Release|Any CPU
	EndGlobalSection
	GlobalSection(ProjectConfigurationPlatforms) = postSolution
		{A8624264-5ADB-4034-82A5-7CC2C650D47C}.Debug|Any CPU.ActiveCfg = Debug|Any CPU
		{A8624264-5ADB-4034-82A5-7CC2C650D47C}.Debug|Any CPU.Build.0 = Debug|Any CPU
		{A8624264-5ADB-4034-82A5-7CC2C650D47C}.Release|Any CPU.ActiveCfg = Release|Any CPU
		{A8624264-5ADB-4034-82A5-7CC2C650D47C}.Release|Any CPU.Build.0 = Release|Any CPU
	EndGlobalSection
	GlobalSection(SolutionProperties) = preSolution
		HideSolutionNode = FALSE
	EndGlobalSection
	GlobalSection(ExtensibilityGlobals) = postSolution
		SolutionGuid = {E16C9CB7-015A-492B-B2D4-DAB965A42B9C}
	EndGlobalSection
EndGlobal
